
Microsoft Visual Studio Solution File, Format Version 12.00
# Visual Studio Version 17
VisualStudioVersion = 17.2.32526.322
MinimumVisualStudioVersion = 10.0.40219.1
Project("{FAE04EC0-301F-11D3-BF4B-00C04F79EFBC}") = "ServerScreenCapture", "ServerScreenCapture\ServerScreenCapture.csproj", "{4B0164AD-D987-4EFE-B46C-B7C218C2E871}"
EndProject
Project("{FAE04EC0-301F-11D3-BF4B-00C04F79EFBC}") = "ClientScreenCapture", "..\ClientScreenCapture\ClientScreenCapture.csproj", "{28529B3B-2E06-4CAA-A325-50B3D5D63CC3}"
EndProject
Global
	GlobalSection(SolutionConfigurationPlatforms) = preSolution
		Debug|Any CPU = Debug|Any CPU
		Release|Any CPU = Release|Any CPU
	EndGlobalSection
	GlobalSection(ProjectConfigurationPlatforms) = postSolution
		{4B0164AD-D987-4EFE-B46C-B7C218C2E871}.Debug|Any CPU.ActiveCfg = Debug|Any CPU
		{4B0164AD-D987-4EFE-B46C-B7C218C2E871}.Debug|Any CPU.Build.0 = Debug|Any CPU
		{4B0164AD-D987-4EFE-B46C-B7C218C2E871}.Release|Any CPU.ActiveCfg = Release|Any CPU
		{4B0164AD-D987-4EFE-B46C-B7C218C2E871}.Release|Any CPU.Build.0 = Release|Any CPU
		{28529B3B-2E06-4CAA-A325-50B3D5D63CC3}.Debug|Any CPU.ActiveCfg = Debug|Any CPU
		{28529B3B-2E06-4CAA-A325-50B3D5D63CC3}.Debug|Any CPU.Build.0 = Debug|Any CPU
		{28529B3B-2E06-4CAA-A325-50B3D5D63CC3}.Release|Any CPU.ActiveCfg = Release|Any CPU
		{28529B3B-2E06-4CAA-A325-50B3D5D63CC3}.Release|Any CPU.Build.0 = Release|Any CPU
	EndGlobalSection
	GlobalSection(SolutionProperties) = preSolution
		HideSolutionNode = FALSE
	EndGlobalSection
	GlobalSection(ExtensibilityGlobals) = postSolution
		SolutionGuid = {292FD55E-60DB-436F-952C-E6DA4B41DAE7}
	EndGlobalSection
EndGlobal
